
Microsoft Visual Studio Solution File, Format Version 12.00
# Visual Studio Version 17
VisualStudioVersion = 17.5.2.0
MinimumVisualStudioVersion = 10.0.40219.1
Project("{2150E333-8FDC-42A3-9474-1A3956D46DE8}") = "csharp", "csharp", "{B41BF331-FCCB-2ADF-CDB6-767964B34647}"
EndProject
Project("{FAE04EC0-301F-11D3-BF4B-00C04F79EFBC}") = "BazanCDE.Parsing", "csharp\BazanCDE.Parsing\BazanCDE.Parsing.csproj", "{F61A4D16-DAF5-7C34-81D3-9199F19E90D9}"
EndProject
Project("{FAE04EC0-301F-11D3-BF4B-00C04F79EFBC}") = "BazanCDE.ViewerApi", "csharp\BazanCDE.ViewerApi\BazanCDE.ViewerApi.csproj", "{A8097358-9AAE-4DF8-9905-332C54F7BC7F}"
EndProject
Project("{2150E333-8FDC-42A3-9474-1A3956D46DE8}") = "tests", "tests", "{3A48EA60-CB24-6603-8658-E3D34B7F9617}"
EndProject
Project("{2150E333-8FDC-42A3-9474-1A3956D46DE8}") = "spec", "spec", "{0BAD29D1-F90C-11D7-F08A-407802CEA7E0}"
EndProject
Project("{FAE04EC0-301F-11D3-BF4B-00C04F79EFBC}") = "BazanCDE.Parsing.Specs", "csharp\tests\spec\BazanCDE.Parsing.Specs.csproj", "{B7AEB0D9-462D-43AA-80AA-1AD7C49AD74E}"
EndProject
Project("{2150E333-8FDC-42A3-9474-1A3956D46DE8}") = "1 - Presentation", "1 - Presentation", "{2053B893-D1EF-4C48-8DC1-84723C06B079}"
EndProject
Project("{2150E333-8FDC-42A3-9474-1A3956D46DE8}") = "2 - Application", "2 - Application", "{2394D342-5E14-442B-B133-E2B6E98FAF03}"
EndProject
Project("{2150E333-8FDC-42A3-9474-1A3956D46DE8}") = "3 - Domain", "3 - Domain", "{A16D0358-5B3E-43B3-B56E-2262E2CBD024}"
EndProject
Project("{2150E333-8FDC-42A3-9474-1A3956D46DE8}") = "4 - Infrastructure", "4 - Infrastructure", "{ED6BA853-691D-486C-9397-B099CE866E60}"
EndProject
Project("{FAE04EC0-301F-11D3-BF4B-00C04F79EFBC}") = "BazanCDE.Domain", "csharp\3 - Domain\BazanCDE.Domain\BazanCDE.Domain.csproj", "{369E12B0-CB2D-4501-9115-80DD2FB00A4C}"
EndProject
Project("{FAE04EC0-301F-11D3-BF4B-00C04F79EFBC}") = "BazanCDE.Infrastructure", "csharp\4 - Infrastructure\BazanCDE.Infrastructure\BazanCDE.Infrastructure.csproj", "{71B1C49A-64E3-4012-9F06-57ABEEF07531}"
EndProject
Global
	GlobalSection(SolutionConfigurationPlatforms) = preSolution
		Debug|Any CPU = Debug|Any CPU
		Debug|x64 = Debug|x64
		Debug|x86 = Debug|x86
		Release|Any CPU = Release|Any CPU
		Release|x64 = Release|x64
		Release|x86 = Release|x86
	EndGlobalSection
	GlobalSection(ProjectConfigurationPlatforms) = postSolution
		{F61A4D16-DAF5-7C34-81D3-9199F19E90D9}.Debug|Any CPU.ActiveCfg = Debug|Any CPU
		{F61A4D16-DAF5-7C34-81D3-9199F19E90D9}.Debug|Any CPU.Build.0 = Debug|Any CPU
		{F61A4D16-DAF5-7C34-81D3-9199F19E90D9}.Debug|x64.ActiveCfg = Debug|Any CPU
		{F61A4D16-DAF5-7C34-81D3-9199F19E90D9}.Debug|x64.Build.0 = Debug|Any CPU
		{F61A4D16-DAF5-7C34-81D3-9199F19E90D9}.Debug|x86.ActiveCfg = Debug|Any CPU
		{F61A4D16-DAF5-7C34-81D3-9199F19E90D9}.Debug|x86.Build.0 = Debug|Any CPU
		{F61A4D16-DAF5-7C34-81D3-9199F19E90D9}.Release|Any CPU.ActiveCfg = Release|Any CPU
		{F61A4D16-DAF5-7C34-81D3-9199F19E90D9}.Release|Any CPU.Build.0 = Release|Any CPU
		{F61A4D16-DAF5-7C34-81D3-9199F19E90D9}.Release|x64.ActiveCfg = Release|Any CPU
		{F61A4D16-DAF5-7C34-81D3-9199F19E90D9}.Release|x64.Build.0 = Release|Any CPU
		{F61A4D16-DAF5-7C34-81D3-9199F19E90D9}.Release|x86.ActiveCfg = Release|Any CPU
		{F61A4D16-DAF5-7C34-81D3-9199F19E90D9}.Release|x86.Build.0 = Release|Any CPU
		{A8097358-9AAE-4DF8-9905-332C54F7BC7F}.Debug|Any CPU.ActiveCfg = Debug|Any CPU
		{A8097358-9AAE-4DF8-9905-332C54F7BC7F}.Debug|Any CPU.Build.0 = Debug|Any CPU
		{A8097358-9AAE-4DF8-9905-332C54F7BC7F}.Debug|x64.ActiveCfg = Debug|Any CPU
		{A8097358-9AAE-4DF8-9905-332C54F7BC7F}.Debug|x64.Build.0 = Debug|Any CPU
		{A8097358-9AAE-4DF8-9905-332C54F7BC7F}.Debug|x86.ActiveCfg = Debug|Any CPU
		{A8097358-9AAE-4DF8-9905-332C54F7BC7F}.Debug|x86.Build.0 = Debug|Any CPU
		{A8097358-9AAE-4DF8-9905-332C54F7BC7F}.Release|Any CPU.ActiveCfg = Release|Any CPU
		{A8097358-9AAE-4DF8-9905-332C54F7BC7F}.Release|Any CPU.Build.0 = Release|Any CPU
		{A8097358-9AAE-4DF8-9905-332C54F7BC7F}.Release|x64.ActiveCfg = Release|Any CPU
		{A8097358-9AAE-4DF8-9905-332C54F7BC7F}.Release|x64.Build.0 = Release|Any CPU
		{A8097358-9AAE-4DF8-9905-332C54F7BC7F}.Release|x86.ActiveCfg = Release|Any CPU
		{A8097358-9AAE-4DF8-9905-332C54F7BC7F}.Release|x86.Build.0 = Release|Any CPU
		{B7AEB0D9-462D-43AA-80AA-1AD7C49AD74E}.Debug|Any CPU.ActiveCfg = Debug|Any CPU
		{B7AEB0D9-462D-43AA-80AA-1AD7C49AD74E}.Debug|Any CPU.Build.0 = Debug|Any CPU
		{B7AEB0D9-462D-43AA-80AA-1AD7C49AD74E}.Debug|x64.ActiveCfg = Debug|Any CPU
		{B7AEB0D9-462D-43AA-80AA-1AD7C49AD74E}.Debug|x64.Build.0 = Debug|Any CPU
		{B7AEB0D9-462D-43AA-80AA-1AD7C49AD74E}.Debug|x86.ActiveCfg = Debug|Any CPU
		{B7AEB0D9-462D-43AA-80AA-1AD7C49AD74E}.Debug|x86.Build.0 = Debug|Any CPU
		{B7AEB0D9-462D-43AA-80AA-1AD7C49AD74E}.Release|Any CPU.ActiveCfg = Release|Any CPU
		{B7AEB0D9-462D-43AA-80AA-1AD7C49AD74E}.Release|Any CPU.Build.0 = Release|Any CPU
		{B7AEB0D9-462D-43AA-80AA-1AD7C49AD74E}.Release|x64.ActiveCfg = Release|Any CPU
		{B7AEB0D9-462D-43AA-80AA-1AD7C49AD74E}.Release|x64.Build.0 = Release|Any CPU
		{B7AEB0D9-462D-43AA-80AA-1AD7C49AD74E}.Release|x86.ActiveCfg = Release|Any CPU
		{B7AEB0D9-462D-43AA-80AA-1AD7C49AD74E}.Release|x86.Build.0 = Release|Any CPU
		{369E12B0-CB2D-4501-9115-80DD2FB00A4C}.Debug|Any CPU.ActiveCfg = Debug|Any CPU
		{369E12B0-CB2D-4501-9115-80DD2FB00A4C}.Debug|Any CPU.Build.0 = Debug|Any CPU
		{369E12B0-CB2D-4501-9115-80DD2FB00A4C}.Debug|x64.ActiveCfg = Debug|Any CPU
		{369E12B0-CB2D-4501-9115-80DD2FB00A4C}.Debug|x64.Build.0 = Debug|Any CPU
		{369E12B0-CB2D-4501-9115-80DD2FB00A4C}.Debug|x86.ActiveCfg = Debug|Any CPU
		{369E12B0-CB2D-4501-9115-80DD2FB00A4C}.Debug|x86.Build.0 = Debug|Any CPU
		{369E12B0-CB2D-4501-9115-80DD2FB00A4C}.Release|Any CPU.ActiveCfg = Release|Any CPU
		{369E12B0-CB2D-4501-9115-80DD2FB00A4C}.Release|Any CPU.Build.0 = Release|Any CPU
		{369E12B0-CB2D-4501-9115-80DD2FB00A4C}.Release|x64.ActiveCfg = Release|Any CPU
		{369E12B0-CB2D-4501-9115-80DD2FB00A4C}.Release|x64.Build.0 = Release|Any CPU
		{369E12B0-CB2D-4501-9115-80DD2FB00A4C}.Release|x86.ActiveCfg = Release|Any CPU
		{369E12B0-CB2D-4501-9115-80DD2FB00A4C}.Release|x86.Build.0 = Release|Any CPU
		{71B1C49A-64E3-4012-9F06-57ABEEF07531}.Debug|Any CPU.ActiveCfg = Debug|Any CPU
		{71B1C49A-64E3-4012-9F06-57ABEEF07531}.Debug|Any CPU.Build.0 = Debug|Any CPU
		{71B1C49A-64E3-4012-9F06-57ABEEF07531}.Debug|x64.ActiveCfg = Debug|Any CPU
		{71B1C49A-64E3-4012-9F06-57ABEEF07531}.Debug|x64.Build.0 = Debug|Any CPU
		{71B1C49A-64E3-4012-9F06-57ABEEF07531}.Debug|x86.ActiveCfg = Debug|Any CPU
		{71B1C49A-64E3-4012-9F06-57ABEEF07531}.Debug|x86.Build.0 = Debug|Any CPU
		{71B1C49A-64E3-4012-9F06-57ABEEF07531}.Release|Any CPU.ActiveCfg = Release|Any CPU
		{71B1C49A-64E3-4012-9F06-57ABEEF07531}.Release|Any CPU.Build.0 = Release|Any CPU
		{71B1C49A-64E3-4012-9F06-57ABEEF07531}.Release|x64.ActiveCfg = Release|Any CPU
		{71B1C49A-64E3-4012-9F06-57ABEEF07531}.Release|x64.Build.0 = Release|Any CPU
		{71B1C49A-64E3-4012-9F06-57ABEEF07531}.Release|x86.ActiveCfg = Release|Any CPU
		{71B1C49A-64E3-4012-9F06-57ABEEF07531}.Release|x86.Build.0 = Release|Any CPU
	EndGlobalSection
	GlobalSection(SolutionProperties) = preSolution
		HideSolutionNode = FALSE
	EndGlobalSection
	GlobalSection(NestedProjects) = preSolution
		{F61A4D16-DAF5-7C34-81D3-9199F19E90D9} = {B41BF331-FCCB-2ADF-CDB6-767964B34647}
		{A8097358-9AAE-4DF8-9905-332C54F7BC7F} = {B41BF331-FCCB-2ADF-CDB6-767964B34647}
		{3A48EA60-CB24-6603-8658-E3D34B7F9617} = {B41BF331-FCCB-2ADF-CDB6-767964B34647}
		{0BAD29D1-F90C-11D7-F08A-407802CEA7E0} = {3A48EA60-CB24-6603-8658-E3D34B7F9617}
		{B7AEB0D9-462D-43AA-80AA-1AD7C49AD74E} = {0BAD29D1-F90C-11D7-F08A-407802CEA7E0}
		{2053B893-D1EF-4C48-8DC1-84723C06B079} = {B41BF331-FCCB-2ADF-CDB6-767964B34647}
		{2394D342-5E14-442B-B133-E2B6E98FAF03} = {B41BF331-FCCB-2ADF-CDB6-767964B34647}
		{A16D0358-5B3E-43B3-B56E-2262E2CBD024} = {B41BF331-FCCB-2ADF-CDB6-767964B34647}
		{ED6BA853-691D-486C-9397-B099CE866E60} = {B41BF331-FCCB-2ADF-CDB6-767964B34647}
		{369E12B0-CB2D-4501-9115-80DD2FB00A4C} = {A16D0358-5B3E-43B3-B56E-2262E2CBD024}
		{71B1C49A-64E3-4012-9F06-57ABEEF07531} = {ED6BA853-691D-486C-9397-B099CE866E60}
	EndGlobalSection
	GlobalSection(ExtensibilityGlobals) = postSolution
		SolutionGuid = {491F4A1D-FC5A-489D-88CA-8731C06EFE18}
	EndGlobalSection
EndGlobal
